
Microsoft Visual Studio Solution File, Format Version 12.00
# Visual Studio Version 17
VisualStudioVersion = 17.12.35521.163 d17.12
MinimumVisualStudioVersion = 10.0.40219.1
Project("{FAE04EC0-301F-11D3-BF4B-00C04F79EFBC}") = "UserAuth", "UserAuth\UserAuth.csproj", "{A6449C1C-83F4-4FA1-BDA0-2C06A17998F3}"
EndProject
Global
	GlobalSection(SolutionConfigurationPlatforms) = preSolution
		Debug|Any CPU = Debug|Any CPU
		Release|Any CPU = Release|Any CPU
	EndGlobalSection
	GlobalSection(ProjectConfigurationPlatforms) = postSolution
		{A6449C1C-83F4-4FA1-BDA0-2C06A17998F3}.Debug|Any CPU.ActiveCfg = Debug|Any CPU
		{A6449C1C-83F4-4FA1-BDA0-2C06A17998F3}.Debug|Any CPU.Build.0 = Debug|Any CPU
		{A6449C1C-83F4-4FA1-BDA0-2C06A17998F3}.Release|Any CPU.ActiveCfg = Release|Any CPU
		{A6449C1C-83F4-4FA1-BDA0-2C06A17998F3}.Release|Any CPU.Build.0 = Release|Any CPU
	EndGlobalSection
	GlobalSection(SolutionProperties) = preSolution
		HideSolutionNode = FALSE
	EndGlobalSection
EndGlobal
